
Microsoft Visual Studio Solution File, Format Version 12.00
# Visual Studio Version 17
VisualStudioVersion = 17.5.002.0
MinimumVisualStudioVersion = 10.0.40219.1
Project("{9A19103F-16F7-4668-BE54-9A1E7A4F7556}") = "InjectWepApi", "InjectWepApi\InjectWepApi.csproj", "{C52C85BF-7C7F-402F-968D-72A678B9353B}"
EndProject
Global
	GlobalSection(SolutionConfigurationPlatforms) = preSolution
		Debug|Any CPU = Debug|Any CPU
		Release|Any CPU = Release|Any CPU
	EndGlobalSection
	GlobalSection(ProjectConfigurationPlatforms) = postSolution
		{C52C85BF-7C7F-402F-968D-72A678B9353B}.Debug|Any CPU.ActiveCfg = Debug|Any CPU
		{C52C85BF-7C7F-402F-968D-72A678B9353B}.Debug|Any CPU.Build.0 = Debug|Any CPU
		{C52C85BF-7C7F-402F-968D-72A678B9353B}.Release|Any CPU.ActiveCfg = Release|Any CPU
		{C52C85BF-7C7F-402F-968D-72A678B9353B}.Release|Any CPU.Build.0 = Release|Any CPU
	EndGlobalSection
	GlobalSection(SolutionProperties) = preSolution
		HideSolutionNode = FALSE
	EndGlobalSection
	GlobalSection(ExtensibilityGlobals) = postSolution
		SolutionGuid = {A107726D-9218-4E87-A202-C934BFC91EA1}
	EndGlobalSection
EndGlobal
